
Microsoft Visual Studio Solution File, Format Version 12.00
# Visual Studio 2013
VisualStudioVersion = 12.0.31101.0
MinimumVisualStudioVersion = 10.0.40219.1
Project("{FAE04EC0-301F-11D3-BF4B-00C04F79EFBC}") = "Ex03.GarageLogic", "Ex03.GarageLogic\Ex03.GarageLogic.csproj", "{6540CD82-FA23-4440-865F-35CC1B87152A}"
EndProject
Project("{FAE04EC0-301F-11D3-BF4B-00C04F79EFBC}") = "Ex03.GarageManagementSystem.ConsuleUI", "Ex03.GarageManagementSystem.ConsuleUI\Ex03.GarageManagementSystem.ConsuleUI.csproj", "{C696A7CB-893A-46D9-BBE7-7710CC79855A}"
EndProject
Project("{2150E333-8FDC-42A3-9474-1A3956D46DE8}") = "Solution Items", "Solution Items", "{0FDDC391-168B-4C84-92F7-BD782C1C61BA}"
	ProjectSection(SolutionItems) = preProject
		..\..\..\..\Desktop\B15 Ex03 Or 302521034 Yafim 308973882.docx = ..\..\..\..\Desktop\B15 Ex03 Or 302521034 Yafim 308973882.docx
		..\..\..\..\Desktop\Exercise Checking Report.txt = ..\..\..\..\Desktop\Exercise Checking Report.txt
	EndProjectSection
EndProject
Global
	GlobalSection(SolutionConfigurationPlatforms) = preSolution
		Debug|Any CPU = Debug|Any CPU
		Release|Any CPU = Release|Any CPU
	EndGlobalSection
	GlobalSection(ProjectConfigurationPlatforms) = postSolution
		{6540CD82-FA23-4440-865F-35CC1B87152A}.Debug|Any CPU.ActiveCfg = Debug|Any CPU
		{6540CD82-FA23-4440-865F-35CC1B87152A}.Debug|Any CPU.Build.0 = Debug|Any CPU
		{6540CD82-FA23-4440-865F-35CC1B87152A}.Release|Any CPU.ActiveCfg = Release|Any CPU
		{6540CD82-FA23-4440-865F-35CC1B87152A}.Release|Any CPU.Build.0 = Release|Any CPU
		{C696A7CB-893A-46D9-BBE7-7710CC79855A}.Debug|Any CPU.ActiveCfg = Debug|Any CPU
		{C696A7CB-893A-46D9-BBE7-7710CC79855A}.Debug|Any CPU.Build.0 = Debug|Any CPU
		{C696A7CB-893A-46D9-BBE7-7710CC79855A}.Release|Any CPU.ActiveCfg = Release|Any CPU
		{C696A7CB-893A-46D9-BBE7-7710CC79855A}.Release|Any CPU.Build.0 = Release|Any CPU
	EndGlobalSection
	GlobalSection(SolutionProperties) = preSolution
		HideSolutionNode = FALSE
	EndGlobalSection
EndGlobal
